
Microsoft Visual Studio Solution File, Format Version 12.00
# Visual Studio Version 17
VisualStudioVersion = 17.14.36705.20 d17.14
MinimumVisualStudioVersion = 10.0.40219.1
Project("{FAE04EC0-301F-11D3-BF4B-00C04F79EFBC}") = "Auth", "Auth\Auth.csproj", "{2CCE56D7-DA70-4638-B0B4-0E08AB7362EE}"
EndProject
Global
	GlobalSection(SolutionConfigurationPlatforms) = preSolution
		Debug|Any CPU = Debug|Any CPU
		Release|Any CPU = Release|Any CPU
	EndGlobalSection
	GlobalSection(ProjectConfigurationPlatforms) = postSolution
		{2CCE56D7-DA70-4638-B0B4-0E08AB7362EE}.Debug|Any CPU.ActiveCfg = Debug|Any CPU
		{2CCE56D7-DA70-4638-B0B4-0E08AB7362EE}.Debug|Any CPU.Build.0 = Debug|Any CPU
		{2CCE56D7-DA70-4638-B0B4-0E08AB7362EE}.Release|Any CPU.ActiveCfg = Release|Any CPU
		{2CCE56D7-DA70-4638-B0B4-0E08AB7362EE}.Release|Any CPU.Build.0 = Release|Any CPU
	EndGlobalSection
	GlobalSection(SolutionProperties) = preSolution
		HideSolutionNode = FALSE
	EndGlobalSection
	GlobalSection(ExtensibilityGlobals) = postSolution
		SolutionGuid = {F5F80875-0087-4E7A-B78C-86A95B81C976}
	EndGlobalSection
EndGlobal
